<?xml version="1.0" encoding="utf-8"?>
<Project ToolsVersion="4.0" xmlns="http://schemas.microsoft.com/developer/msbuild/2003">
  <ItemGroup>
    <Filter Include="Исходные файлы">
      <UniqueIdentifier>{4FC737F1-C7A5-4376-A066-2A32D752A2FF}</UniqueIdentifier>
      <Extensions>cpp;c;cc;cxx;c++;cppm;ixx;def;odl;idl;hpj;bat;asm;asmx</Extensions>
    </Filter>
    <Filter Include="Файлы заголовков">
      <UniqueIdentifier>{93995380-89BD-4b04-88EB-625FBE52EBFB}</UniqueIdentifier>
      <Extensions>h;hh;hpp;hxx;h++;hm;inl;inc;ipp;xsd</Extensions>
    </Filter>
    <Filter Include="Файлы ресурсов">
      <UniqueIdentifier>{67DA6AB6-F800-4c08-8B7A-83BB121AAD01}</UniqueIdentifier>
      <Extensions>rc;ico;cur;bmp;dlg;rc2;rct;bin;rgs;gif;jpg;jpeg;jpe;resx;tiff;tif;png;wav;mfcribbon-ms</Extensions>
    </Filter>
  </ItemGroup>
  <ItemGroup>
    <ClInclude Include="framework.h">
      <Filter>Файлы заголовков</Filter>
    </ClInclude>
    <ClInclude Include="targetver.h">
      <Filter>Файлы заголовков</Filter>
    </ClInclude>
    <ClInclude Include="Resource.h">
      <Filter>Файлы заголовков</Filter>
    </ClInclude>
    <ClInclude Include="PosTerminal.h">
      <Filter>Файлы заголовков</Filter>
    </ClInclude>
    <ClInclude Include="Product.h">
      <Filter>Файлы заголовков</Filter>
    </ClInclude>
    <ClInclude Include="User.h">
      <Filter>Файлы заголовков</Filter>
    </ClInclude>
    <ClInclude Include="Client.h">
      <Filter>Файлы заголовков</Filter>
    </ClInclude>
    <ClInclude Include="Supplier.h">
      <Filter>Файлы заголовков</Filter>
    </ClInclude>
    <ClInclude Include="Location.h">
      <Filter>Файлы заголовков</Filter>
    </ClInclude>
    <ClInclude Include="ProductsRepo.h">
      <Filter>Файлы заголовков</Filter>
    </ClInclude>
    <ClInclude Include="UsersRepo.h">
      <Filter>Файлы заголовков</Filter>
    </ClInclude>
    <ClInclude Include="ClientsRepo.h">
      <Filter>Файлы заголовков</Filter>
    </ClInclude>
    <ClInclude Include="SuppliersRepo.h">
      <Filter>Файлы заголовков</Filter>
    </ClInclude>
    <ClInclude Include="LocationsRepo.h">
      <Filter>Файлы заголовков</Filter>
    </ClInclude>
    <ClInclude Include="json\json.h">
      <Filter>Файлы заголовков</Filter>
    </ClInclude>
    <ClInclude Include="json\json-forwards.h">
      <Filter>Файлы заголовков</Filter>
    </ClInclude>
    <ClInclude Include="Helper.h">
      <Filter>Файлы заголовков</Filter>
    </ClInclude>
  </ItemGroup>
  <ItemGroup>
    <ClCompile Include="PosTerminal.cpp">
      <Filter>Исходные файлы</Filter>
    </ClCompile>
    <ClCompile Include="Product..cpp">
      <Filter>Исходные файлы</Filter>
    </ClCompile>
    <ClCompile Include="User.cpp">
      <Filter>Исходные файлы</Filter>
    </ClCompile>
    <ClCompile Include="Client.cpp">
      <Filter>Исходные файлы</Filter>
    </ClCompile>
    <ClCompile Include="Supplier.cpp">
      <Filter>Исходные файлы</Filter>
    </ClCompile>
    <ClCompile Include="Location.cpp">
      <Filter>Исходные файлы</Filter>
    </ClCompile>
    <ClCompile Include="ProductsRepo.cpp">
      <Filter>Исходные файлы</Filter>
    </ClCompile>
    <ClCompile Include="UsersRepo.cpp">
      <Filter>Исходные файлы</Filter>
    </ClCompile>
    <ClCompile Include="ClientsRepo.cpp">
      <Filter>Исходные файлы</Filter>
    </ClCompile>
    <ClCompile Include="SuppliersRepo.cpp">
      <Filter>Исходные файлы</Filter>
    </ClCompile>
    <ClCompile Include="LocationsRepo.cpp">
      <Filter>Исходные файлы</Filter>
    </ClCompile>
    <ClCompile Include="jsoncpp.cpp">
      <Filter>Исходные файлы</Filter>
    </ClCompile>
  </ItemGroup>
  <ItemGroup>
    <ResourceCompile Include="PosTerminal.rc">
      <Filter>Файлы ресурсов</Filter>
    </ResourceCompile>
  </ItemGroup>
  <ItemGroup>
    <Image Include="small.ico">
      <Filter>Файлы ресурсов</Filter>
    </Image>
    <Image Include="PosTerminal.ico">
      <Filter>Файлы ресурсов</Filter>
    </Image>
  </ItemGroup>
</Project>