
Microsoft Visual Studio Solution File, Format Version 12.00
# Visual Studio Version 17
VisualStudioVersion = 17.7.34031.279
MinimumVisualStudioVersion = 10.0.40219.1
Project("{8BC9CEB8-8B4A-11D0-8D11-00A0C91BC942}") = "PosTerminal", "PosTerminal\PosTerminal.vcxproj", "{805CD87E-90DC-47E5-995F-4A12AB2FA148}"
EndProject
Global
	GlobalSection(SolutionConfigurationPlatforms) = preSolution
		Debug|x64 = Debug|x64
		Debug|x86 = Debug|x86
		Release|x64 = Release|x64
		Release|x86 = Release|x86
	EndGlobalSection
	GlobalSection(ProjectConfigurationPlatforms) = postSolution
		{805CD87E-90DC-47E5-995F-4A12AB2FA148}.Debug|x64.ActiveCfg = Debug|x64
		{805CD87E-90DC-47E5-995F-4A12AB2FA148}.Debug|x64.Build.0 = Debug|x64
		{805CD87E-90DC-47E5-995F-4A12AB2FA148}.Debug|x86.ActiveCfg = Debug|Win32
		{805CD87E-90DC-47E5-995F-4A12AB2FA148}.Debug|x86.Build.0 = Debug|Win32
		{805CD87E-90DC-47E5-995F-4A12AB2FA148}.Release|x64.ActiveCfg = Release|x64
		{805CD87E-90DC-47E5-995F-4A12AB2FA148}.Release|x64.Build.0 = Release|x64
		{805CD87E-90DC-47E5-995F-4A12AB2FA148}.Release|x86.ActiveCfg = Release|Win32
		{805CD87E-90DC-47E5-995F-4A12AB2FA148}.Release|x86.Build.0 = Release|Win32
	EndGlobalSection
	GlobalSection(SolutionProperties) = preSolution
		HideSolutionNode = FALSE
	EndGlobalSection
	GlobalSection(ExtensibilityGlobals) = postSolution
		SolutionGuid = {CBD717A4-3531-463D-BDB8-993D9FE4B30C}
	EndGlobalSection
EndGlobal
